
Microsoft Visual Studio Solution File, Format Version 12.00
# Visual Studio Version 16
VisualStudioVersion = 16.0.30114.105
MinimumVisualStudioVersion = 10.0.40219.1
Project("{FAE04EC0-301F-11D3-BF4B-00C04F79EFBC}") = "LV-3", "LV-3\LV-3.csproj", "{649909E1-3A9F-4A3B-B0BA-B3051F15CD38}"
EndProject
Global
	GlobalSection(SolutionConfigurationPlatforms) = preSolution
		Debug|Any CPU = Debug|Any CPU
		Release|Any CPU = Release|Any CPU
	EndGlobalSection
	GlobalSection(ProjectConfigurationPlatforms) = postSolution
		{649909E1-3A9F-4A3B-B0BA-B3051F15CD38}.Debug|Any CPU.ActiveCfg = Debug|Any CPU
		{649909E1-3A9F-4A3B-B0BA-B3051F15CD38}.Debug|Any CPU.Build.0 = Debug|Any CPU
		{649909E1-3A9F-4A3B-B0BA-B3051F15CD38}.Release|Any CPU.ActiveCfg = Release|Any CPU
		{649909E1-3A9F-4A3B-B0BA-B3051F15CD38}.Release|Any CPU.Build.0 = Release|Any CPU
	EndGlobalSection
	GlobalSection(SolutionProperties) = preSolution
		HideSolutionNode = FALSE
	EndGlobalSection
	GlobalSection(ExtensibilityGlobals) = postSolution
		SolutionGuid = {C24FD0E8-3774-4B7E-BE18-ACE3E2B97532}
	EndGlobalSection
EndGlobal
